
Microsoft Visual Studio Solution File, Format Version 12.00
# Visual Studio Version 17
VisualStudioVersion = 17.11.35219.272
MinimumVisualStudioVersion = 10.0.40219.1
Project("{FAE04EC0-301F-11D3-BF4B-00C04F79EFBC}") = "GraduationProj", "GraduationProj\GraduationProj.csproj", "{801E758E-5806-41B4-B784-4D74F6779411}"
EndProject
Project("{2150E333-8FDC-42A3-9474-1A3956D46DE8}") = "Solution Items", "Solution Items", "{02EA681E-C7D8-13C7-8484-4AC65E1B71E8}"
	ProjectSection(SolutionItems) = preProject
		.editorconfig = .editorconfig
	EndProjectSection
EndProject
Global
	GlobalSection(SolutionConfigurationPlatforms) = preSolution
		Debug|Any CPU = Debug|Any CPU
		Release|Any CPU = Release|Any CPU
	EndGlobalSection
	GlobalSection(ProjectConfigurationPlatforms) = postSolution
		{801E758E-5806-41B4-B784-4D74F6779411}.Debug|Any CPU.ActiveCfg = Debug|Any CPU
		{801E758E-5806-41B4-B784-4D74F6779411}.Debug|Any CPU.Build.0 = Debug|Any CPU
		{801E758E-5806-41B4-B784-4D74F6779411}.Release|Any CPU.ActiveCfg = Release|Any CPU
		{801E758E-5806-41B4-B784-4D74F6779411}.Release|Any CPU.Build.0 = Release|Any CPU
	EndGlobalSection
	GlobalSection(SolutionProperties) = preSolution
		HideSolutionNode = FALSE
	EndGlobalSection
	GlobalSection(ExtensibilityGlobals) = postSolution
		SolutionGuid = {8CFE9A73-D189-413F-887E-204FF0B2CC7C}
	EndGlobalSection
EndGlobal
